
Microsoft Visual Studio Solution File, Format Version 11.00
# Visual Studio 2010
Project("{8BC9CEB8-8B4A-11D0-8D11-00A0C91BC942}") = "adp_ext_msvc", "adp_ext_msvc\adp_ext_msvc.vcxproj", "{8175CDDA-1ECB-42F1-A82C-7B97F4F95C95}"
EndProject
Global
	GlobalSection(SolutionConfigurationPlatforms) = preSolution
		Debug|Win32 = Debug|Win32
		Release|Win32 = Release|Win32
	EndGlobalSection
	GlobalSection(ProjectConfigurationPlatforms) = postSolution
		{8175CDDA-1ECB-42F1-A82C-7B97F4F95C95}.Debug|Win32.ActiveCfg = Debug|Win32
		{8175CDDA-1ECB-42F1-A82C-7B97F4F95C95}.Debug|Win32.Build.0 = Debug|Win32
		{8175CDDA-1ECB-42F1-A82C-7B97F4F95C95}.Release|Win32.ActiveCfg = Release|Win32
		{8175CDDA-1ECB-42F1-A82C-7B97F4F95C95}.Release|Win32.Build.0 = Release|Win32
	EndGlobalSection
	GlobalSection(SolutionProperties) = preSolution
		HideSolutionNode = FALSE
	EndGlobalSection
EndGlobal
